
Microsoft Visual Studio Solution File, Format Version 12.00
# Visual Studio Version 17
VisualStudioVersion = 17.4.33110.190
MinimumVisualStudioVersion = 10.0.40219.1
Project("{FAE04EC0-301F-11D3-BF4B-00C04F79EFBC}") = "WinFormsApp5", "WinFormsApp5\WinFormsApp5.csproj", "{AD86AE58-4944-4EF4-A4C7-5586C2BD3456}"
EndProject
Global
	GlobalSection(SolutionConfigurationPlatforms) = preSolution
		Debug|Any CPU = Debug|Any CPU
		Release|Any CPU = Release|Any CPU
	EndGlobalSection
	GlobalSection(ProjectConfigurationPlatforms) = postSolution
		{AD86AE58-4944-4EF4-A4C7-5586C2BD3456}.Debug|Any CPU.ActiveCfg = Debug|Any CPU
		{AD86AE58-4944-4EF4-A4C7-5586C2BD3456}.Debug|Any CPU.Build.0 = Debug|Any CPU
		{AD86AE58-4944-4EF4-A4C7-5586C2BD3456}.Release|Any CPU.ActiveCfg = Release|Any CPU
		{AD86AE58-4944-4EF4-A4C7-5586C2BD3456}.Release|Any CPU.Build.0 = Release|Any CPU
	EndGlobalSection
	GlobalSection(SolutionProperties) = preSolution
		HideSolutionNode = FALSE
	EndGlobalSection
	GlobalSection(ExtensibilityGlobals) = postSolution
		SolutionGuid = {12E8DA75-5312-44F8-8E2C-63BA5FA04901}
	EndGlobalSection
EndGlobal
