
Microsoft Visual Studio Solution File, Format Version 12.00
# Visual Studio Version 17
VisualStudioVersion = 17.4.33110.190
MinimumVisualStudioVersion = 10.0.40219.1
Project("{FAE04EC0-301F-11D3-BF4B-00C04F79EFBC}") = "WinFormsApp1", "WinFormsApp1\WinFormsApp1.csproj", "{D2F92213-AC85-455C-9BBD-A29464644034}"
EndProject
Global
	GlobalSection(SolutionConfigurationPlatforms) = preSolution
		Debug|Any CPU = Debug|Any CPU
		Release|Any CPU = Release|Any CPU
	EndGlobalSection
	GlobalSection(ProjectConfigurationPlatforms) = postSolution
		{D2F92213-AC85-455C-9BBD-A29464644034}.Debug|Any CPU.ActiveCfg = Debug|Any CPU
		{D2F92213-AC85-455C-9BBD-A29464644034}.Debug|Any CPU.Build.0 = Debug|Any CPU
		{D2F92213-AC85-455C-9BBD-A29464644034}.Release|Any CPU.ActiveCfg = Release|Any CPU
		{D2F92213-AC85-455C-9BBD-A29464644034}.Release|Any CPU.Build.0 = Release|Any CPU
	EndGlobalSection
	GlobalSection(SolutionProperties) = preSolution
		HideSolutionNode = FALSE
	EndGlobalSection
	GlobalSection(ExtensibilityGlobals) = postSolution
		SolutionGuid = {DA966195-8844-4A08-9E0B-D9A968581032}
	EndGlobalSection
EndGlobal
